Microsoft Visual Studio Solution File, Format Version 12.00
# Visual Studio Version 17
VisualStudioVersion = 17.5.2.0
MinimumVisualStudioVersion = 10.0.40219.1
Project("{2150E333-8FDC-42A3-9474-1A3956D46DE8}") = "2-intro-as-ides-configs-de-ambiente-.net", "2-intro-as-ides-configs-de-ambiente-.net", "{ED6CCA6B-90A1-C634-1597-6F78EF13A6E4}"
EndProject
Project("{FAE04EC0-301F-11D3-BF4B-00C04F79EFBC}") = "2.1-exemplos-fundamentos", "2-intro-as-ides-configs-de-ambiente-.net\2.1-exemplos-fundamentos\2.1-exemplos-fundamentos.csproj", "{6DC4ADCB-8B0F-5104-843E-A159B3BDE7ED}"
EndProject
Global
	GlobalSection(SolutionConfigurationPlatforms) = preSolution
		Debug|Any CPU = Debug|Any CPU
		Release|Any CPU = Release|Any CPU
	EndGlobalSection
	GlobalSection(ProjectConfigurationPlatforms) = postSolution
		{6DC4ADCB-8B0F-5104-843E-A159B3BDE7ED}.Debug|Any CPU.ActiveCfg = Debug|Any CPU
		{6DC4ADCB-8B0F-5104-843E-A159B3BDE7ED}.Debug|Any CPU.Build.0 = Debug|Any CPU
		{6DC4ADCB-8B0F-5104-843E-A159B3BDE7ED}.Release|Any CPU.ActiveCfg = Release|Any CPU
		{6DC4ADCB-8B0F-5104-843E-A159B3BDE7ED}.Release|Any CPU.Build.0 = Release|Any CPU
	EndGlobalSection
	GlobalSection(SolutionProperties) = preSolution
		HideSolutionNode = FALSE
	EndGlobalSection
	GlobalSection(NestedProjects) = preSolution
		{6DC4ADCB-8B0F-5104-843E-A159B3BDE7ED} = {ED6CCA6B-90A1-C634-1597-6F78EF13A6E4}
	EndGlobalSection
	GlobalSection(ExtensibilityGlobals) = postSolution
		SolutionGuid = {19B729E4-9ADC-4DFE-8E21-B28F3936FE91}
	EndGlobalSection
EndGlobal
